
Microsoft Visual Studio Solution File, Format Version 12.00
# Visual Studio Version 16
VisualStudioVersion = 16.0.31624.102
MinimumVisualStudioVersion = 10.0.40219.1
Project("{FAE04EC0-301F-11D3-BF4B-00C04F79EFBC}") = "HRCentral_api", "HRCentral_api.csproj", "{1F3E08DF-C28A-4D5D-91AB-939A3A2165EF}"
EndProject
Global
	GlobalSection(SolutionConfigurationPlatforms) = preSolution
		Debug|Any CPU = Debug|Any CPU
		Release|Any CPU = Release|Any CPU
	EndGlobalSection
	GlobalSection(ProjectConfigurationPlatforms) = postSolution
		{1F3E08DF-C28A-4D5D-91AB-939A3A2165EF}.Debug|Any CPU.ActiveCfg = Debug|Any CPU
		{1F3E08DF-C28A-4D5D-91AB-939A3A2165EF}.Debug|Any CPU.Build.0 = Debug|Any CPU
		{1F3E08DF-C28A-4D5D-91AB-939A3A2165EF}.Release|Any CPU.ActiveCfg = Release|Any CPU
		{1F3E08DF-C28A-4D5D-91AB-939A3A2165EF}.Release|Any CPU.Build.0 = Release|Any CPU
	EndGlobalSection
	GlobalSection(SolutionProperties) = preSolution
		HideSolutionNode = FALSE
	EndGlobalSection
	GlobalSection(ExtensibilityGlobals) = postSolution
		SolutionGuid = {5B841064-FB23-46AC-86A6-31B5EDC33799}
	EndGlobalSection
EndGlobal
